// !$*UTF8*$!
{
	archiveVersion = 1;
	classes = {
	};
	objectVersion = 46;
	objects = {

/* Begin PBXBuildFile section */
		47231A301E4E02B2006F5714 /* Widget.swift in Sources */ = {isa = PBXBuildFile; fileRef = 47231A2F1E4E02B2006F5714 /* Widget.swift */; };
		47231A331E4EC862006F5714 /* HeaderWidget.xib in Resources */ = {isa = PBXBuildFile; fileRef = 47231A321E4EC862006F5714 /* HeaderWidget.xib */; };
		47231A361E4ED43C006F5714 /* ConstraintManager.swift in Sources */ = {isa = PBXBuildFile; fileRef = 47231A351E4ED43C006F5714 /* ConstraintManager.swift */; };
		47231A381E4ED685006F5714 /* HeaderWidget.swift in Sources */ = {isa = PBXBuildFile; fileRef = 47231A371E4ED685006F5714 /* HeaderWidget.swift */; };
		47231A3A1E4ED6BE006F5714 /* ViewHolder.swift in Sources */ = {isa = PBXBuildFile; fileRef = 47231A391E4ED6BE006F5714 /* ViewHolder.swift */; };
		47231A3C1E4ED6DB006F5714 /* ViewModel.swift in Sources */ = {isa = PBXBuildFile; fileRef = 47231A3B1E4ED6DB006F5714 /* ViewModel.swift */; };
		47231A411E4ED873006F5714 /* ImageWidget.xib in Resources */ = {isa = PBXBuildFile; fileRef = 47231A401E4ED873006F5714 /* ImageWidget.xib */; };
		47231A431E4ED8C2006F5714 /* ImageWidget.swift in Sources */ = {isa = PBXBuildFile; fileRef = 47231A421E4ED8C2006F5714 /* ImageWidget.swift */; };
		47231A461E4EDE99006F5714 /* DescriptionWidget.swift in Sources */ = {isa = PBXBuildFile; fileRef = 47231A451E4EDE99006F5714 /* DescriptionWidget.swift */; };
		47231A481E4EDEA1006F5714 /* DescriptionWidget.xib in Resources */ = {isa = PBXBuildFile; fileRef = 47231A471E4EDEA1006F5714 /* DescriptionWidget.xib */; };
		476A8BFB1E50154200E149DC /* HistoryController.swift in Sources */ = {isa = PBXBuildFile; fileRef = 476A8BFA1E50154200E149DC /* HistoryController.swift */; };
		476A8C021E50213E00E149DC /* HistoryCell.swift in Sources */ = {isa = PBXBuildFile; fileRef = 476A8C011E50213E00E149DC /* HistoryCell.swift */; };
		47746D951E4EF79300C86EB9 /* ApodDataProvider.swift in Sources */ = {isa = PBXBuildFile; fileRef = 47746D931E4EF79300C86EB9 /* ApodDataProvider.swift */; };
		47746D961E4EF79300C86EB9 /* ApodData.swift in Sources */ = {isa = PBXBuildFile; fileRef = 47746D941E4EF79300C86EB9 /* ApodData.swift */; };
		47B3539B1E4DBFEA00F8B3DD /* AppDelegate.swift in Sources */ = {isa = PBXBuildFile; fileRef = 47B3539A1E4DBFEA00F8B3DD /* AppDelegate.swift */; };
		47B3539D1E4DBFEA00F8B3DD /* FeaturedController.swift in Sources */ = {isa = PBXBuildFile; fileRef = 47B3539C1E4DBFEA00F8B3DD /* FeaturedController.swift */; };
		47B353A01E4DBFEA00F8B3DD /* Main.storyboard in Resources */ = {isa = PBXBuildFile; fileRef = 47B3539E1E4DBFEA00F8B3DD /* Main.storyboard */; };
		47B353A21E4DBFEA00F8B3DD /* Assets.xcassets in Resources */ = {isa = PBXBuildFile; fileRef = 47B353A11E4DBFEA00F8B3DD /* Assets.xcassets */; };
		47B353A51E4DBFEA00F8B3DD /* LaunchScreen.storyboard in Resources */ = {isa = PBXBuildFile; fileRef = 47B353A31E4DBFEA00F8B3DD /* LaunchScreen.storyboard */; };
		47B353B01E4DBFEA00F8B3DD /* Space_ExplorerTests.swift in Sources */ = {isa = PBXBuildFile; fileRef = 47B353AF1E4DBFEA00F8B3DD /* Space_ExplorerTests.swift */; };
		47B353BB1E4DBFEA00F8B3DD /* Space_ExplorerUITests.swift in Sources */ = {isa = PBXBuildFile; fileRef = 47B353BA1E4DBFEA00F8B3DD /* Space_ExplorerUITests.swift */; };
		4D7AFABE10BEB3E15F9CE140 /* libPods-Space ExplorerUITests.a in Frameworks */ = {isa = PBXBuildFile; fileRef = 3CE35B390C5B9466348DAC00 /* libPods-Space ExplorerUITests.a */; };
		5A29604111F64D8914C77A88 /* libPods-Space ExplorerTests.a in Frameworks */ = {isa = PBXBuildFile; fileRef = 6C35C63702FB7457D35E1FB7 /* libPods-Space ExplorerTests.a */; };
		926B4745889BEDEA22AF3628 /* Pods_Space_Explorer.framework in Frameworks */ = {isa = PBXBuildFile; fileRef = 7A5DF599F8C82E35B1417184 /* Pods_Space_Explorer.framework */; };
/* End PBXBuildFile section */

/* Begin PBXContainerItemProxy section */
		47B353AC1E4DBFEA00F8B3DD /* PBXContainerItemProxy */ = {
			isa = PBXContainerItemProxy;
			containerPortal = 47B3538F1E4DBFEA00F8B3DD /* Project object */;
			proxyType = 1;
			remoteGlobalIDString = 47B353961E4DBFEA00F8B3DD;
			remoteInfo = "Space Explorer";
		};
		47B353B71E4DBFEA00F8B3DD /* PBXContainerItemProxy */ = {
			isa = PBXContainerItemProxy;
			containerPortal = 47B3538F1E4DBFEA00F8B3DD /* Project object */;
			proxyType = 1;
			remoteGlobalIDString = 47B353961E4DBFEA00F8B3DD;
			remoteInfo = "Space Explorer";
		};
/* End PBXContainerItemProxy section */

/* Begin PBXFileReference section */
		33D9B0C695016864EDCA9AEC /* Pods-Space ExplorerUITests.release.xcconfig */ = {isa = PBXFileReference; includeInIndex = 1; lastKnownFileType = text.xcconfig; name = "Pods-Space ExplorerUITests.release.xcconfig"; path = "Pods/Target Support Files/Pods-Space ExplorerUITests/Pods-Space ExplorerUITests.release.xcconfig"; sourceTree = "<group>"; };
		3CE35B390C5B9466348DAC00 /* libPods-Space ExplorerUITests.a */ = {isa = PBXFileReference; explicitFileType = archive.ar; includeInIndex = 0; path = "libPods-Space ExplorerUITests.a"; sourceTree = BUILT_PRODUCTS_DIR; };
		47231A2F1E4E02B2006F5714 /* Widget.swift */ = {isa = PBXFileReference; fileEncoding = 4; lastKnownFileType = sourcecode.swift; path = Widget.swift; sourceTree = "<group>"; };
		47231A321E4EC862006F5714 /* HeaderWidget.xib */ = {isa = PBXFileReference; fileEncoding = 4; lastKnownFileType = file.xib; path = HeaderWidget.xib; sourceTree = "<group>"; };
		47231A351E4ED43C006F5714 /* ConstraintManager.swift */ = {isa = PBXFileReference; fileEncoding = 4; lastKnownFileType = sourcecode.swift; path = ConstraintManager.swift; sourceTree = "<group>"; };
		47231A371E4ED685006F5714 /* HeaderWidget.swift */ = {isa = PBXFileReference; fileEncoding = 4; lastKnownFileType = sourcecode.swift; path = HeaderWidget.swift; sourceTree = "<group>"; };
		47231A391E4ED6BE006F5714 /* ViewHolder.swift */ = {isa = PBXFileReference; fileEncoding = 4; lastKnownFileType = sourcecode.swift; path = ViewHolder.swift; sourceTree = "<group>"; };
		47231A3B1E4ED6DB006F5714 /* ViewModel.swift */ = {isa = PBXFileReference; fileEncoding = 4; lastKnownFileType = sourcecode.swift; path = ViewModel.swift; sourceTree = "<group>"; };
		47231A401E4ED873006F5714 /* ImageWidget.xib */ = {isa = PBXFileReference; fileEncoding = 4; lastKnownFileType = file.xib; path = ImageWidget.xib; sourceTree = "<group>"; };
		47231A421E4ED8C2006F5714 /* ImageWidget.swift */ = {isa = PBXFileReference; fileEncoding = 4; lastKnownFileType = sourcecode.swift; path = ImageWidget.swift; sourceTree = "<group>"; };
		47231A451E4EDE99006F5714 /* DescriptionWidget.swift */ = {isa = PBXFileReference; fileEncoding = 4; lastKnownFileType = sourcecode.swift; path = DescriptionWidget.swift; sourceTree = "<group>"; };
		47231A471E4EDEA1006F5714 /* DescriptionWidget.xib */ = {isa = PBXFileReference; fileEncoding = 4; lastKnownFileType = file.xib; path = DescriptionWidget.xib; sourceTree = "<group>"; };
		476A8BFA1E50154200E149DC /* HistoryController.swift */ = {isa = PBXFileReference; fileEncoding = 4; lastKnownFileType = sourcecode.swift; path = HistoryController.swift; sourceTree = "<group>"; };
		476A8C011E50213E00E149DC /* HistoryCell.swift */ = {isa = PBXFileReference; fileEncoding = 4; lastKnownFileType = sourcecode.swift; path = HistoryCell.swift; sourceTree = "<group>"; };
		47746D931E4EF79300C86EB9 /* ApodDataProvider.swift */ = {isa = PBXFileReference; fileEncoding = 4; lastKnownFileType = sourcecode.swift; path = ApodDataProvider.swift; sourceTree = "<group>"; };
		47746D941E4EF79300C86EB9 /* ApodData.swift */ = {isa = PBXFileReference; fileEncoding = 4; lastKnownFileType = sourcecode.swift; path = ApodData.swift; sourceTree = "<group>"; };
		47B353971E4DBFEA00F8B3DD /* Space Explorer.app */ = {isa = PBXFileReference; explicitFileType = wrapper.application; includeInIndex = 0; path = "Space Explorer.app"; sourceTree = BUILT_PRODUCTS_DIR; };
		47B3539A1E4DBFEA00F8B3DD /* AppDelegate.swift */ = {isa = PBXFileReference; lastKnownFileType = sourcecode.swift; path = AppDelegate.swift; sourceTree = "<group>"; };
		47B3539C1E4DBFEA00F8B3DD /* FeaturedController.swift */ = {isa = PBXFileReference; lastKnownFileType = sourcecode.swift; path = FeaturedController.swift; sourceTree = "<group>"; };
		47B3539F1E4DBFEA00F8B3DD /* Base */ = {isa = PBXFileReference; lastKnownFileType = file.storyboard; name = Base; path = Base.lproj/Main.storyboard; sourceTree = "<group>"; };
		47B353A11E4DBFEA00F8B3DD /* Assets.xcassets */ = {isa = PBXFileReference; lastKnownFileType = folder.assetcatalog; path = Assets.xcassets; sourceTree = "<group>"; };
		47B353A41E4DBFEA00F8B3DD /* Base */ = {isa = PBXFileReference; lastKnownFileType = file.storyboard; name = Base; path = Base.lproj/LaunchScreen.storyboard; sourceTree = "<group>"; };
		47B353A61E4DBFEA00F8B3DD /* Info.plist */ = {isa = PBXFileReference; lastKnownFileType = text.plist.xml; path = Info.plist; sourceTree = "<group>"; };
		47B353AB1E4DBFEA00F8B3DD /* Space ExplorerTests.xctest */ = {isa = PBXFileReference; explicitFileType = wrapper.cfbundle; includeInIndex = 0; path = "Space ExplorerTests.xctest"; sourceTree = BUILT_PRODUCTS_DIR; };
		47B353AF1E4DBFEA00F8B3DD /* Space_ExplorerTests.swift */ = {isa = PBXFileReference; lastKnownFileType = sourcecode.swift; path = Space_ExplorerTests.swift; sourceTree = "<group>"; };
		47B353B11E4DBFEA00F8B3DD /* Info.plist */ = {isa = PBXFileReference; lastKnownFileType = text.plist.xml; path = Info.plist; sourceTree = "<group>"; };
		47B353B61E4DBFEA00F8B3DD /* Space ExplorerUITests.xctest */ = {isa = PBXFileReference; explicitFileType = wrapper.cfbundle; includeInIndex = 0; path = "Space ExplorerUITests.xctest"; sourceTree = BUILT_PRODUCTS_DIR; };
		47B353BA1E4DBFEA00F8B3DD /* Space_ExplorerUITests.swift */ = {isa = PBXFileReference; lastKnownFileType = sourcecode.swift; path = Space_ExplorerUITests.swift; sourceTree = "<group>"; };
		47B353BC1E4DBFEA00F8B3DD /* Info.plist */ = {isa = PBXFileReference; lastKnownFileType = text.plist.xml; path = Info.plist; sourceTree = "<group>"; };
		4E0FDCA3696B420AC87891A9 /* Pods-Space ExplorerUITests.debug.xcconfig */ = {isa = PBXFileReference; includeInIndex = 1; lastKnownFileType = text.xcconfig; name = "Pods-Space ExplorerUITests.debug.xcconfig"; path = "Pods/Target Support Files/Pods-Space ExplorerUITests/Pods-Space ExplorerUITests.debug.xcconfig"; sourceTree = "<group>"; };
		6C35C63702FB7457D35E1FB7 /* libPods-Space ExplorerTests.a */ = {isa = PBXFileReference; explicitFileType = archive.ar; includeInIndex = 0; path = "libPods-Space ExplorerTests.a"; sourceTree = BUILT_PRODUCTS_DIR; };
		7A5DF599F8C82E35B1417184 /* Pods_Space_Explorer.framework */ = {isa = PBXFileReference; explicitFileType = wrapper.framework; includeInIndex = 0; path = Pods_Space_Explorer.framework; sourceTree = BUILT_PRODUCTS_DIR; };
		847438C038D172A5E5075A38 /* Pods-Space ExplorerTests.release.xcconfig */ = {isa = PBXFileReference; includeInIndex = 1; lastKnownFileType = text.xcconfig; name = "Pods-Space ExplorerTests.release.xcconfig"; path = "Pods/Target Support Files/Pods-Space ExplorerTests/Pods-Space ExplorerTests.release.xcconfig"; sourceTree = "<group>"; };
		A22E70954A5C6800E628E022 /* Pods-Space Explorer.debug.xcconfig */ = {isa = PBXFileReference; includeInIndex = 1; lastKnownFileType = text.xcconfig; name = "Pods-Space Explorer.debug.xcconfig"; path = "Pods/Target Support Files/Pods-Space Explorer/Pods-Space Explorer.debug.xcconfig"; sourceTree = "<group>"; };
		E0FCAB30232D709AC26F603F /* Pods-Space Explorer.release.xcconfig */ = {isa = PBXFileReference; includeInIndex = 1; lastKnownFileType = text.xcconfig; name = "Pods-Space Explorer.release.xcconfig"; path = "Pods/Target Support Files/Pods-Space Explorer/Pods-Space Explorer.release.xcconfig"; sourceTree = "<group>"; };
		FBABC487CD338A5E0D8E1806 /* Pods-Space ExplorerTests.debug.xcconfig */ = {isa = PBXFileReference; includeInIndex = 1; lastKnownFileType = text.xcconfig; name = "Pods-Space ExplorerTests.debug.xcconfig"; path = "Pods/Target Support Files/Pods-Space ExplorerTests/Pods-Space ExplorerTests.debug.xcconfig"; sourceTree = "<group>"; };
/* End PBXFileReference section */

/* Begin PBXFrameworksBuildPhase section */
		47B353941E4DBFEA00F8B3DD /* Frameworks */ = {
			isa = PBXFrameworksBuildPhase;
			buildActionMask = 2147483647;
			files = (
				926B4745889BEDEA22AF3628 /* Pods_Space_Explorer.framework in Frameworks */,
			);
			runOnlyForDeploymentPostprocessing = 0;
		};
		47B353A81E4DBFEA00F8B3DD /* Frameworks */ = {
			isa = PBXFrameworksBuildPhase;
			buildActionMask = 2147483647;
			files = (
				5A29604111F64D8914C77A88 /* libPods-Space ExplorerTests.a in Frameworks */,
			);
			runOnlyForDeploymentPostprocessing = 0;
		};
		47B353B31E4DBFEA00F8B3DD /* Frameworks */ = {
			isa = PBXFrameworksBuildPhase;
			buildActionMask = 2147483647;
			files = (
				4D7AFABE10BEB3E15F9CE140 /* libPods-Space ExplorerUITests.a in Frameworks */,
			);
			runOnlyForDeploymentPostprocessing = 0;
		};
/* End PBXFrameworksBuildPhase section */

/* Begin PBXGroup section */
		47231A2E1E4E0296006F5714 /* Widgets */ = {
			isa = PBXGroup;
			children = (
				47231A441E4EDE7F006F5714 /* DescriptionWidget */,
				47231A3F1E4ED863006F5714 /* ImageWidget */,
				47231A3E1E4ED711006F5714 /* HeaderWidget */,
				47231A3D1E4ED6EF006F5714 /* Protocols */,
			);
			name = Widgets;
			sourceTree = "<group>";
		};
		47231A311E4EC656006F5714 /* Controllers */ = {
			isa = PBXGroup;
			children = (
				47B3539C1E4DBFEA00F8B3DD /* FeaturedController.swift */,
				476A8BFA1E50154200E149DC /* HistoryController.swift */,
			);
			name = Controllers;
			sourceTree = "<group>";
		};
		47231A341E4ED423006F5714 /* Constraints */ = {
			isa = PBXGroup;
			children = (
				47231A351E4ED43C006F5714 /* ConstraintManager.swift */,
			);
			name = Constraints;
			sourceTree = "<group>";
		};
		47231A3D1E4ED6EF006F5714 /* Protocols */ = {
			isa = PBXGroup;
			children = (
				47231A2F1E4E02B2006F5714 /* Widget.swift */,
				47231A391E4ED6BE006F5714 /* ViewHolder.swift */,
				47231A3B1E4ED6DB006F5714 /* ViewModel.swift */,
			);
			name = Protocols;
			sourceTree = "<group>";
		};
		47231A3E1E4ED711006F5714 /* HeaderWidget */ = {
			isa = PBXGroup;
			children = (
				47231A321E4EC862006F5714 /* HeaderWidget.xib */,
				47231A371E4ED685006F5714 /* HeaderWidget.swift */,
			);
			name = HeaderWidget;
			sourceTree = "<group>";
		};
		47231A3F1E4ED863006F5714 /* ImageWidget */ = {
			isa = PBXGroup;
			children = (
				47231A401E4ED873006F5714 /* ImageWidget.xib */,
				47231A421E4ED8C2006F5714 /* ImageWidget.swift */,
			);
			name = ImageWidget;
			sourceTree = "<group>";
		};
		47231A441E4EDE7F006F5714 /* DescriptionWidget */ = {
			isa = PBXGroup;
			children = (
				47231A451E4EDE99006F5714 /* DescriptionWidget.swift */,
				47231A471E4EDEA1006F5714 /* DescriptionWidget.xib */,
			);
			name = DescriptionWidget;
			sourceTree = "<group>";
		};
		476A8BFE1E50160000E149DC /* Cells */ = {
			isa = PBXGroup;
			children = (
				476A8C011E50213E00E149DC /* HistoryCell.swift */,
			);
			name = Cells;
			sourceTree = "<group>";
		};
		47B3538E1E4DBFEA00F8B3DD = {
			isa = PBXGroup;
			children = (
				47B353991E4DBFEA00F8B3DD /* Space Explorer */,
				47B353AE1E4DBFEA00F8B3DD /* Space ExplorerTests */,
				47B353B91E4DBFEA00F8B3DD /* Space ExplorerUITests */,
				47B353981E4DBFEA00F8B3DD /* Products */,
				72569620D99EEB090AA71EB5 /* Pods */,
				C035D6AA2DE66B47595A696A /* Frameworks */,
			);
			sourceTree = "<group>";
		};
		47B353981E4DBFEA00F8B3DD /* Products */ = {
			isa = PBXGroup;
			children = (
				47B353971E4DBFEA00F8B3DD /* Space Explorer.app */,
				47B353AB1E4DBFEA00F8B3DD /* Space ExplorerTests.xctest */,
				47B353B61E4DBFEA00F8B3DD /* Space ExplorerUITests.xctest */,
			);
			name = Products;
			sourceTree = "<group>";
		};
		47B353991E4DBFEA00F8B3DD /* Space Explorer */ = {
			isa = PBXGroup;
			children = (
				476A8BFE1E50160000E149DC /* Cells */,
				47E15EE91E4EF99A00875DEE /* Data */,
				47231A341E4ED423006F5714 /* Constraints */,
				47231A311E4EC656006F5714 /* Controllers */,
				47231A2E1E4E0296006F5714 /* Widgets */,
				47B3539A1E4DBFEA00F8B3DD /* AppDelegate.swift */,
				47B3539E1E4DBFEA00F8B3DD /* Main.storyboard */,
				47B353A11E4DBFEA00F8B3DD /* Assets.xcassets */,
				47B353A31E4DBFEA00F8B3DD /* LaunchScreen.storyboard */,
				47B353A61E4DBFEA00F8B3DD /* Info.plist */,
			);
			path = "Space Explorer";
			sourceTree = "<group>";
		};
		47B353AE1E4DBFEA00F8B3DD /* Space ExplorerTests */ = {
			isa = PBXGroup;
			children = (
				47B353AF1E4DBFEA00F8B3DD /* Space_ExplorerTests.swift */,
				47B353B11E4DBFEA00F8B3DD /* Info.plist */,
			);
			path = "Space ExplorerTests";
			sourceTree = "<group>";
		};
		47B353B91E4DBFEA00F8B3DD /* Space ExplorerUITests */ = {
			isa = PBXGroup;
			children = (
				47B353BA1E4DBFEA00F8B3DD /* Space_ExplorerUITests.swift */,
				47B353BC1E4DBFEA00F8B3DD /* Info.plist */,
			);
			path = "Space ExplorerUITests";
			sourceTree = "<group>";
		};
		47E15EE91E4EF99A00875DEE /* Data */ = {
			isa = PBXGroup;
			children = (
				47746D931E4EF79300C86EB9 /* ApodDataProvider.swift */,
				47746D941E4EF79300C86EB9 /* ApodData.swift */,
			);
			name = Data;
			sourceTree = "<group>";
		};
		72569620D99EEB090AA71EB5 /* Pods */ = {
			isa = PBXGroup;
			children = (
				A22E70954A5C6800E628E022 /* Pods-Space Explorer.debug.xcconfig */,
				E0FCAB30232D709AC26F603F /* Pods-Space Explorer.release.xcconfig */,
				FBABC487CD338A5E0D8E1806 /* Pods-Space ExplorerTests.debug.xcconfig */,
				847438C038D172A5E5075A38 /* Pods-Space ExplorerTests.release.xcconfig */,
				4E0FDCA3696B420AC87891A9 /* Pods-Space ExplorerUITests.debug.xcconfig */,
				33D9B0C695016864EDCA9AEC /* Pods-Space ExplorerUITests.release.xcconfig */,
			);
			name = Pods;
			sourceTree = "<group>";
		};
		C035D6AA2DE66B47595A696A /* Frameworks */ = {
			isa = PBXGroup;
			children = (
				7A5DF599F8C82E35B1417184 /* Pods_Space_Explorer.framework */,
				6C35C63702FB7457D35E1FB7 /* libPods-Space ExplorerTests.a */,
				3CE35B390C5B9466348DAC00 /* libPods-Space ExplorerUITests.a */,
			);
			name = Frameworks;
			sourceTree = "<group>";
		};
/* End PBXGroup section */

/* Begin PBXNativeTarget section */
		47B353961E4DBFEA00F8B3DD /* Space Explorer */ = {
			isa = PBXNativeTarget;
			buildConfigurationList = 47B353BF1E4DBFEA00F8B3DD /* Build configuration list for PBXNativeTarget "Space Explorer" */;
			buildPhases = (
				7D17233022A4A28E729B580D /* [CP] Check Pods Manifest.lock */,
				47B353931E4DBFEA00F8B3DD /* Sources */,
				47B353941E4DBFEA00F8B3DD /* Frameworks */,
				47B353951E4DBFEA00F8B3DD /* Resources */,
				9FC97A46996A10E9F54A357E /* [CP] Embed Pods Frameworks */,
				1B1D6C77D1519D8FF18D4E02 /* [CP] Copy Pods Resources */,
			);
			buildRules = (
			);
			dependencies = (
			);
			name = "Space Explorer";
			productName = "Space Explorer";
			productReference = 47B353971E4DBFEA00F8B3DD /* Space Explorer.app */;
			productType = "com.apple.product-type.application";
		};
		47B353AA1E4DBFEA00F8B3DD /* Space ExplorerTests */ = {
			isa = PBXNativeTarget;
			buildConfigurationList = 47B353C21E4DBFEA00F8B3DD /* Build configuration list for PBXNativeTarget "Space ExplorerTests" */;
			buildPhases = (
				9B5FA143A1B481BBF9DA8EC3 /* [CP] Check Pods Manifest.lock */,
				47B353A71E4DBFEA00F8B3DD /* Sources */,
				47B353A81E4DBFEA00F8B3DD /* Frameworks */,
				47B353A91E4DBFEA00F8B3DD /* Resources */,
				8294B1901113BF47E7844615 /* [CP] Embed Pods Frameworks */,
				94E6DAF20E55DFF79ADF88C3 /* [CP] Copy Pods Resources */,
			);
			buildRules = (
			);
			dependencies = (
				47B353AD1E4DBFEA00F8B3DD /* PBXTargetDependency */,
			);
			name = "Space ExplorerTests";
			productName = "Space ExplorerTests";
			productReference = 47B353AB1E4DBFEA00F8B3DD /* Space ExplorerTests.xctest */;
			productType = "com.apple.product-type.bundle.unit-test";
		};
		47B353B51E4DBFEA00F8B3DD /* Space ExplorerUITests */ = {
			isa = PBXNativeTarget;
			buildConfigurationList = 47B353C51E4DBFEA00F8B3DD /* Build configuration list for PBXNativeTarget "Space ExplorerUITests" */;
			buildPhases = (
				A7E7CB2F9FC1D34F3DC073FE /* [CP] Check Pods Manifest.lock */,
				47B353B21E4DBFEA00F8B3DD /* Sources */,
				47B353B31E4DBFEA00F8B3DD /* Frameworks */,
				47B353B41E4DBFEA00F8B3DD /* Resources */,
				D1CD7E89594D62BD094F21FD /* [CP] Embed Pods Frameworks */,
				0181A3D3A2644B14D3A1AE56 /* [CP] Copy Pods Resources */,
			);
			buildRules = (
			);
			dependencies = (
				47B353B81E4DBFEA00F8B3DD /* PBXTargetDependency */,
			);
			name = "Space ExplorerUITests";
			productName = "Space ExplorerUITests";
			productReference = 47B353B61E4DBFEA00F8B3DD /* Space ExplorerUITests.xctest */;
			productType = "com.apple.product-type.bundle.ui-testing";
		};
/* End PBXNativeTarget section */

/* Begin PBXProject section */
		47B3538F1E4DBFEA00F8B3DD /* Project object */ = {
			isa = PBXProject;
			attributes = {
				LastSwiftUpdateCheck = 0820;
				LastUpgradeCheck = 0820;
				ORGANIZATIONNAME = Kushal;
				TargetAttributes = {
					47B353961E4DBFEA00F8B3DD = {
						CreatedOnToolsVersion = 8.2.1;
						DevelopmentTeam = 295L4L9PZE;
						ProvisioningStyle = Automatic;
					};
					47B353AA1E4DBFEA00F8B3DD = {
						CreatedOnToolsVersion = 8.2.1;
						DevelopmentTeam = 295L4L9PZE;
						ProvisioningStyle = Automatic;
						TestTargetID = 47B353961E4DBFEA00F8B3DD;
					};
					47B353B51E4DBFEA00F8B3DD = {
						CreatedOnToolsVersion = 8.2.1;
						DevelopmentTeam = 295L4L9PZE;
						ProvisioningStyle = Automatic;
						TestTargetID = 47B353961E4DBFEA00F8B3DD;
					};
				};
			};
			buildConfigurationList = 47B353921E4DBFEA00F8B3DD /* Build configuration list for PBXProject "Space Explorer" */;
			compatibilityVersion = "Xcode 3.2";
			developmentRegion = English;
			hasScannedForEncodings = 0;
			knownRegions = (
				en,
				Base,
			);
			mainGroup = 47B3538E1E4DBFEA00F8B3DD;
			productRefGroup = 47B353981E4DBFEA00F8B3DD /* Products */;
			projectDirPath = "";
			projectRoot = "";
			targets = (
				47B353961E4DBFEA00F8B3DD /* Space Explorer */,
				47B353AA1E4DBFEA00F8B3DD /* Space ExplorerTests */,
				47B353B51E4DBFEA00F8B3DD /* Space ExplorerUITests */,
			);
		};
/* End PBXProject section */

/* Begin PBXResourcesBuildPhase section */
		47B353951E4DBFEA00F8B3DD /* Resources */ = {
			isa = PBXResourcesBuildPhase;
			buildActionMask = 2147483647;
			files = (
				47B353A51E4DBFEA00F8B3DD /* LaunchScreen.storyboard in Resources */,
				47B353A21E4DBFEA00F8B3DD /* Assets.xcassets in Resources */,
				47231A481E4EDEA1006F5714 /* DescriptionWidget.xib in Resources */,
				47231A331E4EC862006F5714 /* HeaderWidget.xib in Resources */,
				47231A411E4ED873006F5714 /* ImageWidget.xib in Resources */,
				47B353A01E4DBFEA00F8B3DD /* Main.storyboard in Resources */,
			);
			runOnlyForDeploymentPostprocessing = 0;
		};
		47B353A91E4DBFEA00F8B3DD /* Resources */ = {
			isa = PBXResourcesBuildPhase;
			buildActionMask = 2147483647;
			files = (
			);
			runOnlyForDeploymentPostprocessing = 0;
		};
		47B353B41E4DBFEA00F8B3DD /* Resources */ = {
			isa = PBXResourcesBuildPhase;
			buildActionMask = 2147483647;
			files = (
			);
			runOnlyForDeploymentPostprocessing = 0;
		};
/* End PBXResourcesBuildPhase section */

/* Begin PBXShellScriptBuildPhase section */
		0181A3D3A2644B14D3A1AE56 /* [CP] Copy Pods Resources */ = {
			isa = PBXShellScriptBuildPhase;
			buildActionMask = 2147483647;
			files = (
			);
			inputPaths = (
			);
			name = "[CP] Copy Pods Resources";
			outputPaths = (
			);
			runOnlyForDeploymentPostprocessing = 0;
			shellPath = /bin/sh;
			shellScript = "\"${SRCROOT}/Pods/Target Support Files/Pods-Space ExplorerUITests/Pods-Space ExplorerUITests-resources.sh\"\n";
			showEnvVarsInLog = 0;
		};
		1B1D6C77D1519D8FF18D4E02 /* [CP] Copy Pods Resources */ = {
			isa = PBXShellScriptBuildPhase;
			buildActionMask = 2147483647;
			files = (
			);
			inputPaths = (
			);
			name = "[CP] Copy Pods Resources";
			outputPaths = (
			);
			runOnlyForDeploymentPostprocessing = 0;
			shellPath = /bin/sh;
			shellScript = "\"${SRCROOT}/Pods/Target Support Files/Pods-Space Explorer/Pods-Space Explorer-resources.sh\"\n";
			showEnvVarsInLog = 0;
		};
		7D17233022A4A28E729B580D /* [CP] Check Pods Manifest.lock */ = {
			isa = PBXShellScriptBuildPhase;
			buildActionMask = 2147483647;
			files = (
			);
			inputPaths = (
			);
			name = "[CP] Check Pods Manifest.lock";
			outputPaths = (
			);
			runOnlyForDeploymentPostprocessing = 0;
			shellPath = /bin/sh;
			shellScript = "diff \"${PODS_ROOT}/../Podfile.lock\" \"${PODS_ROOT}/Manifest.lock\" > /dev/null\nif [ $? != 0 ] ; then\n    # print error to STDERR\n    echo \"error: The sandbox is not in sync with the Podfile.lock. Run 'pod install' or update your CocoaPods installation.\" >&2\n    exit 1\nfi\n";
			showEnvVarsInLog = 0;
		};
		8294B1901113BF47E7844615 /* [CP] Embed Pods Frameworks */ = {
			isa = PBXShellScriptBuildPhase;
			buildActionMask = 2147483647;
			files = (
			);
			inputPaths = (
			);
			name = "[CP] Embed Pods Frameworks";
			outputPaths = (
			);
			runOnlyForDeploymentPostprocessing = 0;
			shellPath = /bin/sh;
			shellScript = "\"${SRCROOT}/Pods/Target Support Files/Pods-Space ExplorerTests/Pods-Space ExplorerTests-frameworks.sh\"\n";
			showEnvVarsInLog = 0;
		};
		94E6DAF20E55DFF79ADF88C3 /* [CP] Copy Pods Resources */ = {
			isa = PBXShellScriptBuildPhase;
			buildActionMask = 2147483647;
			files = (
			);
			inputPaths = (
			);
			name = "[CP] Copy Pods Resources";
			outputPaths = (
			);
			runOnlyForDeploymentPostprocessing = 0;
			shellPath = /bin/sh;
			shellScript = "\"${SRCROOT}/Pods/Target Support Files/Pods-Space ExplorerTests/Pods-Space ExplorerTests-resources.sh\"\n";
			showEnvVarsInLog = 0;
		};
		9B5FA143A1B481BBF9DA8EC3 /* [CP] Check Pods Manifest.lock */ = {
			isa = PBXShellScriptBuildPhase;
			buildActionMask = 2147483647;
			files = (
			);
			inputPaths = (
			);
			name = "[CP] Check Pods Manifest.lock";
			outputPaths = (
			);
			runOnlyForDeploymentPostprocessing = 0;
			shellPath = /bin/sh;
			shellScript = "diff \"${PODS_ROOT}/../Podfile.lock\" \"${PODS_ROOT}/Manifest.lock\" > /dev/null\nif [ $? != 0 ] ; then\n    # print error to STDERR\n    echo \"error: The sandbox is not in sync with the Podfile.lock. Run 'pod install' or update your CocoaPods installation.\" >&2\n    exit 1\nfi\n";
			showEnvVarsInLog = 0;
		};
		9FC97A46996A10E9F54A357E /* [CP] Embed Pods Frameworks */ = {
			isa = PBXShellScriptBuildPhase;
			buildActionMask = 2147483647;
			files = (
			);
			inputPaths = (
			);
			name = "[CP] Embed Pods Frameworks";
			outputPaths = (
			);
			runOnlyForDeploymentPostprocessing = 0;
			shellPath = /bin/sh;
			shellScript = "\"${SRCROOT}/Pods/Target Support Files/Pods-Space Explorer/Pods-Space Explorer-frameworks.sh\"\n";
			showEnvVarsInLog = 0;
		};
		A7E7CB2F9FC1D34F3DC073FE /* [CP] Check Pods Manifest.lock */ = {
			isa = PBXShellScriptBuildPhase;
			buildActionMask = 2147483647;
			files = (
			);
			inputPaths = (
			);
			name = "[CP] Check Pods Manifest.lock";
			outputPaths = (
			);
			runOnlyForDeploymentPostprocessing = 0;
			shellPath = /bin/sh;
			shellScript = "diff \"${PODS_ROOT}/../Podfile.lock\" \"${PODS_ROOT}/Manifest.lock\" > /dev/null\nif [ $? != 0 ] ; then\n    # print error to STDERR\n    echo \"error: The sandbox is not in sync with the Podfile.lock. Run 'pod install' or update your CocoaPods installation.\" >&2\n    exit 1\nfi\n";
			showEnvVarsInLog = 0;
		};
		D1CD7E89594D62BD094F21FD /* [CP] Embed Pods Frameworks */ = {
			isa = PBXShellScriptBuildPhase;
			buildActionMask = 2147483647;
			files = (
			);
			inputPaths = (
			);
			name = "[CP] Embed Pods Frameworks";
			outputPaths = (
			);
			runOnlyForDeploymentPostprocessing = 0;
			shellPath = /bin/sh;
			shellScript = "\"${SRCROOT}/Pods/Target Support Files/Pods-Space ExplorerUITests/Pods-Space ExplorerUITests-frameworks.sh\"\n";
			showEnvVarsInLog = 0;
		};
/* End PBXShellScriptBuildPhase section */

/* Begin PBXSourcesBuildPhase section */
		47B353931E4DBFEA00F8B3DD /* Sources */ = {
			isa = PBXSourcesBuildPhase;
			buildActionMask = 2147483647;
			files = (
				47B3539D1E4DBFEA00F8B3DD /* FeaturedController.swift in Sources */,
				47746D961E4EF79300C86EB9 /* ApodData.swift in Sources */,
				47231A461E4EDE99006F5714 /* DescriptionWidget.swift in Sources */,
				47B3539B1E4DBFEA00F8B3DD /* AppDelegate.swift in Sources */,
				476A8BFB1E50154200E149DC /* HistoryController.swift in Sources */,
				47231A3A1E4ED6BE006F5714 /* ViewHolder.swift in Sources */,
				47231A431E4ED8C2006F5714 /* ImageWidget.swift in Sources */,
				47231A361E4ED43C006F5714 /* ConstraintManager.swift in Sources */,
				476A8C021E50213E00E149DC /* HistoryCell.swift in Sources */,
				47746D951E4EF79300C86EB9 /* ApodDataProvider.swift in Sources */,
				47231A301E4E02B2006F5714 /* Widget.swift in Sources */,
				47231A381E4ED685006F5714 /* HeaderWidget.swift in Sources */,
				47231A3C1E4ED6DB006F5714 /* ViewModel.swift in Sources */,
			);
			runOnlyForDeploymentPostprocessing = 0;
		};
		47B353A71E4DBFEA00F8B3DD /* Sources */ = {
			isa = PBXSourcesBuildPhase;
			buildActionMask = 2147483647;
			files = (
				47B353B01E4DBFEA00F8B3DD /* Space_ExplorerTests.swift in Sources */,
			);
			runOnlyForDeploymentPostprocessing = 0;
		};
		47B353B21E4DBFEA00F8B3DD /* Sources */ = {
			isa = PBXSourcesBuildPhase;
			buildActionMask = 2147483647;
			files = (
				47B353BB1E4DBFEA00F8B3DD /* Space_ExplorerUITests.swift in Sources */,
			);
			runOnlyForDeploymentPostprocessing = 0;
		};
/* End PBXSourcesBuildPhase section */

/* Begin PBXTargetDependency section */
		47B353AD1E4DBFEA00F8B3DD /* PBXTargetDependency */ = {
			isa = PBXTargetDependency;
			target = 47B353961E4DBFEA00F8B3DD /* Space Explorer */;
			targetProxy = 47B353AC1E4DBFEA00F8B3DD /* PBXContainerItemProxy */;
		};
		47B353B81E4DBFEA00F8B3DD /* PBXTargetDependency */ = {
			isa = PBXTargetDependency;
			target = 47B353961E4DBFEA00F8B3DD /* Space Explorer */;
			targetProxy = 47B353B71E4DBFEA00F8B3DD /* PBXContainerItemProxy */;
		};
/* End PBXTargetDependency section */

/* Begin PBXVariantGroup section */
		47B3539E1E4DBFEA00F8B3DD /* Main.storyboard */ = {
			isa = PBXVariantGroup;
			children = (
				47B3539F1E4DBFEA00F8B3DD /* Base */,
			);
			name = Main.storyboard;
			sourceTree = "<group>";
		};
		47B353A31E4DBFEA00F8B3DD /* LaunchScreen.storyboard */ = {
			isa = PBXVariantGroup;
			children = (
				47B353A41E4DBFEA00F8B3DD /* Base */,
			);
			name = LaunchScreen.storyboard;
			sourceTree = "<group>";
		};
/* End PBXVariantGroup section */

/* Begin XCBuildConfiguration section */
		47B353BD1E4DBFEA00F8B3DD /* Debug */ = {
			isa = XCBuildConfiguration;
			buildSettings = {
				ALWAYS_SEARCH_USER_PATHS = NO;
				CLANG_ANALYZER_NONNULL = YES;
				CLANG_CXX_LANGUAGE_STANDARD = "gnu++0x";
				CLANG_CXX_LIBRARY = "libc++";
				CLANG_ENABLE_MODULES = YES;
				CLANG_ENABLE_OBJC_ARC = YES;
				CLANG_WARN_BOOL_CONVERSION = YES;
				CLANG_WARN_CONSTANT_CONVERSION = YES;
				CLANG_WARN_DIRECT_OBJC_ISA_USAGE = YES_ERROR;
				CLANG_WARN_DOCUMENTATION_COMMENTS = YES;
				CLANG_WARN_EMPTY_BODY = YES;
				CLANG_WARN_ENUM_CONVERSION = YES;
				CLANG_WARN_INFINITE_RECURSION = YES;
				CLANG_WARN_INT_CONVERSION = YES;
				CLANG_WARN_OBJC_ROOT_CLASS = YES_ERROR;
				CLANG_WARN_SUSPICIOUS_MOVE = YES;
				CLANG_WARN_UNREACHABLE_CODE = YES;
				CLANG_WARN__DUPLICATE_METHOD_MATCH = YES;
				"CODE_SIGN_IDENTITY[sdk=iphoneos*]" = "iPhone Developer";
				COPY_PHASE_STRIP = NO;
				DEBUG_INFORMATION_FORMAT = dwarf;
				ENABLE_STRICT_OBJC_MSGSEND = YES;
				ENABLE_TESTABILITY = YES;
				GCC_C_LANGUAGE_STANDARD = gnu99;
				GCC_DYNAMIC_NO_PIC = NO;
				GCC_NO_COMMON_BLOCKS = YES;
				GCC_OPTIMIZATION_LEVEL = 0;
				GCC_PREPROCESSOR_DEFINITIONS = (
					"DEBUG=1",
					"$(inherited)",
				);
				GCC_WARN_64_TO_32_BIT_CONVERSION = YES;
				GCC_WARN_ABOUT_RETURN_TYPE = YES_ERROR;
				GCC_WARN_UNDECLARED_SELECTOR = YES;
				GCC_WARN_UNINITIALIZED_AUTOS = YES_AGGRESSIVE;
				GCC_WARN_UNUSED_FUNCTION = YES;
				GCC_WARN_UNUSED_VARIABLE = YES;
				IPHONEOS_DEPLOYMENT_TARGET = 10.2;
				MTL_ENABLE_DEBUG_INFO = YES;
				ONLY_ACTIVE_ARCH = YES;
				SDKROOT = iphoneos;
				SWIFT_ACTIVE_COMPILATION_CONDITIONS = DEBUG;
				SWIFT_OPTIMIZATION_LEVEL = "-Onone";
				TARGETED_DEVICE_FAMILY = "1,2";
			};
			name = Debug;
		};
		47B353BE1E4DBFEA00F8B3DD /* Release */ = {
			isa = XCBuildConfiguration;
			buildSettings = {
				ALWAYS_SEARCH_USER_PATHS = NO;
				CLANG_ANALYZER_NONNULL = YES;
				CLANG_CXX_LANGUAGE_STANDARD = "gnu++0x";
				CLANG_CXX_LIBRARY = "libc++";
				CLANG_ENABLE_MODULES = YES;
				CLANG_ENABLE_OBJC_ARC = YES;
				CLANG_WARN_BOOL_CONVERSION = YES;
				CLANG_WARN_CONSTANT_CONVERSION = YES;
				CLANG_WARN_DIRECT_OBJC_ISA_USAGE = YES_ERROR;
				CLANG_WARN_DOCUMENTATION_COMMENTS = YES;
				CLANG_WARN_EMPTY_BODY = YES;
				CLANG_WARN_ENUM_CONVERSION = YES;
				CLANG_WARN_INFINITE_RECURSION = YES;
				CLANG_WARN_INT_CONVERSION = YES;
				CLANG_WARN_OBJC_ROOT_CLASS = YES_ERROR;
				CLANG_WARN_SUSPICIOUS_MOVE = YES;
				CLANG_WARN_UNREACHABLE_CODE = YES;
				CLANG_WARN__DUPLICATE_METHOD_MATCH = YES;
				"CODE_SIGN_IDENTITY[sdk=iphoneos*]" = "iPhone Developer";
				COPY_PHASE_STRIP = NO;
				DEBUG_INFORMATION_FORMAT = "dwarf-with-dsym";
				ENABLE_NS_ASSERTIONS = NO;
				ENABLE_STRICT_OBJC_MSGSEND = YES;
				GCC_C_LANGUAGE_STANDARD = gnu99;
				GCC_NO_COMMON_BLOCKS = YES;
				GCC_WARN_64_TO_32_BIT_CONVERSION = YES;
				GCC_WARN_ABOUT_RETURN_TYPE = YES_ERROR;
				GCC_WARN_UNDECLARED_SELECTOR = YES;
				GCC_WARN_UNINITIALIZED_AUTOS = YES_AGGRESSIVE;
				GCC_WARN_UNUSED_FUNCTION = YES;
				GCC_WARN_UNUSED_VARIABLE = YES;
				IPHONEOS_DEPLOYMENT_TARGET = 10.2;
				MTL_ENABLE_DEBUG_INFO = NO;
				SDKROOT = iphoneos;
				SWIFT_OPTIMIZATION_LEVEL = "-Owholemodule";
				TARGETED_DEVICE_FAMILY = "1,2";
				VALIDATE_PRODUCT = YES;
			};
			name = Release;
		};
		47B353C01E4DBFEA00F8B3DD /* Debug */ = {
			isa = XCBuildConfiguration;
			baseConfigurationReference = A22E70954A5C6800E628E022 /* Pods-Space Explorer.debug.xcconfig */;
			buildSettings = {
				ALWAYS_EMBED_SWIFT_STANDARD_LIBRARIES = YES;
				ASSETCATALOG_COMPILER_APPICON_NAME = AppIcon;
				DEVELOPMENT_TEAM = 295L4L9PZE;
				INFOPLIST_FILE = "Space Explorer/Info.plist";
				LD_RUNPATH_SEARCH_PATHS = "$(inherited) @executable_path/Frameworks";
				PRODUCT_BUNDLE_IDENTIFIER = "xyz.kushal.Space-Explorer";
				PRODUCT_NAME = "$(TARGET_NAME)";
				SWIFT_VERSION = 3.0;
			};
			name = Debug;
		};
		47B353C11E4DBFEA00F8B3DD /* Release */ = {
			isa = XCBuildConfiguration;
			baseConfigurationReference = E0FCAB30232D709AC26F603F /* Pods-Space Explorer.release.xcconfig */;
			buildSettings = {
				ALWAYS_EMBED_SWIFT_STANDARD_LIBRARIES = YES;
				ASSETCATALOG_COMPILER_APPICON_NAME = AppIcon;
				DEVELOPMENT_TEAM = 295L4L9PZE;
				INFOPLIST_FILE = "Space Explorer/Info.plist";
				LD_RUNPATH_SEARCH_PATHS = "$(inherited) @executable_path/Frameworks";
				PRODUCT_BUNDLE_IDENTIFIER = "xyz.kushal.Space-Explorer";
				PRODUCT_NAME = "$(TARGET_NAME)";
				SWIFT_VERSION = 3.0;
			};
			name = Release;
		};
		47B353C31E4DBFEA00F8B3DD /* Debug */ = {
			isa = XCBuildConfiguration;
			baseConfigurationReference = FBABC487CD338A5E0D8E1806 /* Pods-Space ExplorerTests.debug.xcconfig */;
			buildSettings = {
				ALWAYS_EMBED_SWIFT_STANDARD_LIBRARIES = YES;
				BUNDLE_LOADER = "$(TEST_HOST)";
				DEVELOPMENT_TEAM = 295L4L9PZE;
				INFOPLIST_FILE = "Space ExplorerTests/Info.plist";
				LD_RUNPATH_SEARCH_PATHS = "$(inherited) @executable_path/Frameworks @loader_path/Frameworks";
				PRODUCT_BUNDLE_IDENTIFIER = "xyz.kushal.Space-ExplorerTests";
				PRODUCT_NAME = "$(TARGET_NAME)";
				SWIFT_VERSION = 3.0;
				TEST_HOST = "$(BUILT_PRODUCTS_DIR)/Space Explorer.app/Space Explorer";
			};
			name = Debug;
		};
		47B353C41E4DBFEA00F8B3DD /* Release */ = {
			isa = XCBuildConfiguration;
			baseConfigurationReference = 847438C038D172A5E5075A38 /* Pods-Space ExplorerTests.release.xcconfig */;
			buildSettings = {
				ALWAYS_EMBED_SWIFT_STANDARD_LIBRARIES = YES;
				BUNDLE_LOADER = "$(TEST_HOST)";
				DEVELOPMENT_TEAM = 295L4L9PZE;
				INFOPLIST_FILE = "Space ExplorerTests/Info.plist";
				LD_RUNPATH_SEARCH_PATHS = "$(inherited) @executable_path/Frameworks @loader_path/Frameworks";
				PRODUCT_BUNDLE_IDENTIFIER = "xyz.kushal.Space-ExplorerTests";
				PRODUCT_NAME = "$(TARGET_NAME)";
				SWIFT_VERSION = 3.0;
				TEST_HOST = "$(BUILT_PRODUCTS_DIR)/Space Explorer.app/Space Explorer";
			};
			name = Release;
		};
		47B353C61E4DBFEA00F8B3DD /* Debug */ = {
			isa = XCBuildConfiguration;
			baseConfigurationReference = 4E0FDCA3696B420AC87891A9 /* Pods-Space ExplorerUITests.debug.xcconfig */;
			buildSettings = {
				ALWAYS_EMBED_SWIFT_STANDARD_LIBRARIES = YES;
				DEVELOPMENT_TEAM = 295L4L9PZE;
				INFOPLIST_FILE = "Space ExplorerUITests/Info.plist";
				LD_RUNPATH_SEARCH_PATHS = "$(inherited) @executable_path/Frameworks @loader_path/Frameworks";
				PRODUCT_BUNDLE_IDENTIFIER = "xyz.kushal.Space-ExplorerUITests";
				PRODUCT_NAME = "$(TARGET_NAME)";
				SWIFT_VERSION = 3.0;
				TEST_TARGET_NAME = "Space Explorer";
			};
			name = Debug;
		};
		47B353C71E4DBFEA00F8B3DD /* Release */ = {
			isa = XCBuildConfiguration;
			baseConfigurationReference = 33D9B0C695016864EDCA9AEC /* Pods-Space ExplorerUITests.release.xcconfig */;
			buildSettings = {
				ALWAYS_EMBED_SWIFT_STANDARD_LIBRARIES = YES;
				DEVELOPMENT_TEAM = 295L4L9PZE;
				INFOPLIST_FILE = "Space ExplorerUITests/Info.plist";
				LD_RUNPATH_SEARCH_PATHS = "$(inherited) @executable_path/Frameworks @loader_path/Frameworks";
				PRODUCT_BUNDLE_IDENTIFIER = "xyz.kushal.Space-ExplorerUITests";
				PRODUCT_NAME = "$(TARGET_NAME)";
				SWIFT_VERSION = 3.0;
				TEST_TARGET_NAME = "Space Explorer";
			};
			name = Release;
		};
/* End XCBuildConfiguration section */

/* Begin XCConfigurationList section */
		47B353921E4DBFEA00F8B3DD /* Build configuration list for PBXProject "Space Explorer" */ = {
			isa = XCConfigurationList;
			buildConfigurations = (
				47B353BD1E4DBFEA00F8B3DD /* Debug */,
				47B353BE1E4DBFEA00F8B3DD /* Release */,
			);
			defaultConfigurationIsVisible = 0;
			defaultConfigurationName = Release;
		};
		47B353BF1E4DBFEA00F8B3DD /* Build configuration list for PBXNativeTarget "Space Explorer" */ = {
			isa = XCConfigurationList;
			buildConfigurations = (
				47B353C01E4DBFEA00F8B3DD /* Debug */,
				47B353C11E4DBFEA00F8B3DD /* Release */,
			);
			defaultConfigurationIsVisible = 0;
			defaultConfigurationName = Release;
		};
		47B353C21E4DBFEA00F8B3DD /* Build configuration list for PBXNativeTarget "Space ExplorerTests" */ = {
			isa = XCConfigurationList;
			buildConfigurations = (
				47B353C31E4DBFEA00F8B3DD /* Debug */,
				47B353C41E4DBFEA00F8B3DD /* Release */,
			);
			defaultConfigurationIsVisible = 0;
			defaultConfigurationName = Release;
		};
		47B353C51E4DBFEA00F8B3DD /* Build configuration list for PBXNativeTarget "Space ExplorerUITests" */ = {
			isa = XCConfigurationList;
			buildConfigurations = (
				47B353C61E4DBFEA00F8B3DD /* Debug */,
				47B353C71E4DBFEA00F8B3DD /* Release */,
			);
			defaultConfigurationIsVisible = 0;
			defaultConfigurationName = Release;
		};
/* End XCConfigurationList section */
	};
	rootObject = 47B3538F1E4DBFEA00F8B3DD /* Project object */;
}
